# THIS IS AN AUTOGENERATED FILE. DO NOT EDIT THIS FILE DIRECTLY.
# yarn lockfile v1


"@types/node@^12.7.4":
  version "12.7.4"
  resolved "https://artifact.socrate.vsct.fr/artifactory/api/npm/all-npm/@types/node/-/node-12.7.4.tgz#64db61e0359eb5a8d99b55e05c729f130a678b04"
  integrity sha1-ZNth4DWetajZm1XgXHKfEwpniwQ=

"@types/unsplash-js@^5.0.0":
  version "5.0.0"
  resolved "https://artifact.socrate.vsct.fr/artifactory/api/npm/all-npm/@types/unsplash-js/-/unsplash-js-5.0.0.tgz#0f762d5b931bd8593630ad2bb34336cf6639bb2a"
  integrity sha1-D3YtW5Mb2Fk2MK0rs0M2z2Y5uyo=

encoding@^0.1.11:
  version "0.1.12"
  resolved "https://artifact.socrate.vsct.fr/artifactory/api/npm/all-npm/encoding/-/encoding-0.1.12.tgz#538b66f3ee62cd1ab51ec323829d1f9480c74beb"
  integrity sha1-U4tm8+5izRq1HsMjgp0flIDHS+s=
  dependencies:
    iconv-lite "~0.4.13"

form-urlencoded@1.2.0:
  version "1.2.0"
  resolved "https://artifact.socrate.vsct.fr/artifactory/api/npm/all-npm/form-urlencoded/-/form-urlencoded-1.2.0.tgz#16ce2cafa76d2e48b9e513ab723228aea5993396"
  integrity sha1-Fs4sr6dtLki55ROrcjIorqWZM5Y=

iconv-lite@~0.4.13:
  version "0.4.24"
  resolved "https://artifact.socrate.vsct.fr/artifactory/api/npm/all-npm/iconv-lite/-/iconv-lite-0.4.24.tgz#2022b4b25fbddc21d2f524974a474aafe733908b"
  integrity sha1-ICK0sl+93CHS9SSXSkdKr+czkIs=
  dependencies:
    safer-buffer ">= 2.1.2 < 3"

is-stream@^1.0.1:
  version "1.1.0"
  resolved "https://artifact.socrate.vsct.fr/artifactory/api/npm/all-npm/is-stream/-/is-stream-1.1.0.tgz#12d4a3dd4e68e0b79ceb8dbc84173ae80d91ca44"
  integrity sha1-EtSj3U5o4Lec6428hBc66A2RykQ=

isomorphic-fetch@^2.2.1:
  version "2.2.1"
  resolved "https://artifact.socrate.vsct.fr/artifactory/api/npm/all-npm/isomorphic-fetch/-/isomorphic-fetch-2.2.1.tgz#611ae1acf14f5e81f729507472819fe9733558a9"
  integrity sha1-YRrhrPFPXoH3KVB0coGf6XM1WKk=
  dependencies:
    node-fetch "^1.0.1"
    whatwg-fetch ">=0.10.0"

lodash.get@4.4.2:
  version "4.4.2"
  resolved "https://artifact.socrate.vsct.fr/artifactory/api/npm/all-npm/lodash.get/-/lodash.get-4.4.2.tgz#2d177f652fa31e939b4438d5341499dfa3825e99"
  integrity sha1-LRd/ZS+jHpObRDjVNBSZ36OCXpk=

node-fetch@^1.0.1:
  version "1.7.3"
  resolved "https://artifact.socrate.vsct.fr/artifactory/api/npm/all-npm/node-fetch/-/node-fetch-1.7.3.tgz#980f6f72d85211a5347c6b2bc18c5b84c3eb47ef"
  integrity sha1-mA9vcthSEaU0fGsrwYxbhMPrR+8=
  dependencies:
    encoding "^0.1.11"
    is-stream "^1.0.1"

querystring@0.2.0:
  version "0.2.0"
  resolved "https://artifact.socrate.vsct.fr/artifactory/api/npm/all-npm/querystring/-/querystring-0.2.0.tgz#b209849203bb25df820da756e747005878521620"
  integrity sha1-sgmEkgO7Jd+CDadW50cAWHhSFiA=

querystringify@^2.0.0:
  version "2.1.1"
  resolved "https://artifact.socrate.vsct.fr/artifactory/api/npm/all-npm/querystringify/-/querystringify-2.1.1.tgz#60e5a5fd64a7f8bfa4d2ab2ed6fdf4c85bad154e"
  integrity sha1-YOWl/WSn+L+k0qsu1v30yFutFU4=

requires-port@^1.0.0:
  version "1.0.0"
  resolved "https://artifact.socrate.vsct.fr/artifactory/api/npm/all-npm/requires-port/-/requires-port-1.0.0.tgz#925d2601d39ac485e091cf0da5c6e694dc3dcaff"
  integrity sha1-kl0mAdOaxIXgkc8NpcbmlNw9yv8=

"safer-buffer@>= 2.1.2 < 3":
  version "2.1.2"
  resolved "https://artifact.socrate.vsct.fr/artifactory/api/npm/all-npm/safer-buffer/-/safer-buffer-2.1.2.tgz#44fa161b0187b9549dd84bb91802f9bd8385cd6a"
  integrity sha1-RPoWGwGHuVSd2Eu5GAL5vYOFzWo=

"tock-js@file:../tock-js":
  version "0.0.1"

typescript@^3.6.2:
  version "3.6.2"
  resolved "https://artifact.socrate.vsct.fr/artifactory/api/npm/all-npm/typescript/-/typescript-3.6.2.tgz#105b0f1934119dde543ac8eb71af3a91009efe54"
  integrity sha1-EFsPGTQRnd5UOsjrca86kQCe/lQ=

unsplash-js@^5.0.0:
  version "5.0.0"
  resolved "https://artifact.socrate.vsct.fr/artifactory/api/npm/all-npm/unsplash-js/-/unsplash-js-5.0.0.tgz#85bb29bff3d49220be3b335679433a0299365290"
  integrity sha1-hbspv/PUkiC+OzNWeUM6Apk2UpA=
  dependencies:
    form-urlencoded "1.2.0"
    lodash.get "4.4.2"
    querystring "0.2.0"
    url-parse "1.4.4"

url-parse@1.4.4:
  version "1.4.4"
  resolved "https://artifact.socrate.vsct.fr/artifactory/api/npm/all-npm/url-parse/-/url-parse-1.4.4.tgz#cac1556e95faa0303691fec5cf9d5a1bc34648f8"
  integrity sha1-ysFVbpX6oDA2kf7Fz51aG8NGSPg=
  dependencies:
    querystringify "^2.0.0"
    requires-port "^1.0.0"

whatwg-fetch@>=0.10.0:
  version "3.0.0"
  resolved "https://artifact.socrate.vsct.fr/artifactory/api/npm/all-npm/whatwg-fetch/-/whatwg-fetch-3.0.0.tgz#fc804e458cc460009b1a2b966bc8817d2578aefb"
  integrity sha1-/IBORYzEYACbGiuWa8iBfSV4rvs=
